
Microsoft Visual Studio Solution File, Format Version 12.00
# Visual Studio Version 16
VisualStudioVersion = 16.0.30611.23
MinimumVisualStudioVersion = 10.0.40219.1
Project("{FAE04EC0-301F-11D3-BF4B-00C04F79EFBC}") = "BlogWebsite", "BlogWebsite\BlogWebsite.csproj", "{C6375D47-12E2-43E1-BADC-4D265F773F37}"
EndProject
Project("{FAE04EC0-301F-11D3-BF4B-00C04F79EFBC}") = "BlogWebsite.Dal", "BlogWebsite.Dal\BlogWebsite.Dal.csproj", "{A850CD31-AFAE-4507-8EFF-BD381E1A4613}"
EndProject
Project("{FAE04EC0-301F-11D3-BF4B-00C04F79EFBC}") = "BlogWebsite.Bal", "BlogWebsite.Bal\BlogWebsite.Bal.csproj", "{C9E2DED8-86F2-4C61-9883-4977C17D8C61}"
EndProject
Project("{FAE04EC0-301F-11D3-BF4B-00C04F79EFBC}") = "BlogWebsite.Repository", "BlogWebsite.Repository\BlogWebsite.Repository.csproj", "{48914ACC-47FE-4E86-94B3-EF76CE14214A}"
EndProject
Global
	GlobalSection(SolutionConfigurationPlatforms) = preSolution
		Debug|Any CPU = Debug|Any CPU
		Release|Any CPU = Release|Any CPU
	EndGlobalSection
	GlobalSection(ProjectConfigurationPlatforms) = postSolution
		{C6375D47-12E2-43E1-BADC-4D265F773F37}.Debug|Any CPU.ActiveCfg = Debug|Any CPU
		{C6375D47-12E2-43E1-BADC-4D265F773F37}.Debug|Any CPU.Build.0 = Debug|Any CPU
		{C6375D47-12E2-43E1-BADC-4D265F773F37}.Release|Any CPU.ActiveCfg = Release|Any CPU
		{C6375D47-12E2-43E1-BADC-4D265F773F37}.Release|Any CPU.Build.0 = Release|Any CPU
		{A850CD31-AFAE-4507-8EFF-BD381E1A4613}.Debug|Any CPU.ActiveCfg = Debug|Any CPU
		{A850CD31-AFAE-4507-8EFF-BD381E1A4613}.Debug|Any CPU.Build.0 = Debug|Any CPU
		{A850CD31-AFAE-4507-8EFF-BD381E1A4613}.Release|Any CPU.ActiveCfg = Release|Any CPU
		{A850CD31-AFAE-4507-8EFF-BD381E1A4613}.Release|Any CPU.Build.0 = Release|Any CPU
		{C9E2DED8-86F2-4C61-9883-4977C17D8C61}.Debug|Any CPU.ActiveCfg = Debug|Any CPU
		{C9E2DED8-86F2-4C61-9883-4977C17D8C61}.Debug|Any CPU.Build.0 = Debug|Any CPU
		{C9E2DED8-86F2-4C61-9883-4977C17D8C61}.Release|Any CPU.ActiveCfg = Release|Any CPU
		{C9E2DED8-86F2-4C61-9883-4977C17D8C61}.Release|Any CPU.Build.0 = Release|Any CPU
		{48914ACC-47FE-4E86-94B3-EF76CE14214A}.Debug|Any CPU.ActiveCfg = Debug|Any CPU
		{48914ACC-47FE-4E86-94B3-EF76CE14214A}.Debug|Any CPU.Build.0 = Debug|Any CPU
		{48914ACC-47FE-4E86-94B3-EF76CE14214A}.Release|Any CPU.ActiveCfg = Release|Any CPU
		{48914ACC-47FE-4E86-94B3-EF76CE14214A}.Release|Any CPU.Build.0 = Release|Any CPU
	EndGlobalSection
	GlobalSection(SolutionProperties) = preSolution
		HideSolutionNode = FALSE
	EndGlobalSection
	GlobalSection(ExtensibilityGlobals) = postSolution
		SolutionGuid = {D046B193-CAF9-4EE2-8B2C-3493DD207187}
	EndGlobalSection
EndGlobal
